
Microsoft Visual Studio Solution File, Format Version 12.00
# Visual Studio 15
VisualStudioVersion = 15.0.27428.2002
MinimumVisualStudioVersion = 10.0.40219.1
Project("{FAE04EC0-301F-11D3-BF4B-00C04F79EFBC}") = "Day3Task1", "Day3Task1\Day3Task1.csproj", "{603659E8-FA5F-4D71-8754-1D8532B83966}"
EndProject
Project("{FAE04EC0-301F-11D3-BF4B-00C04F79EFBC}") = "Day3Task1.NUnitTests", "Day3Task1.NUnitTests\Day3Task1.NUnitTests.csproj", "{EB21BA27-BC8E-4D3B-AC16-284319F3A1CA}"
EndProject
Global
	GlobalSection(SolutionConfigurationPlatforms) = preSolution
		Debug|Any CPU = Debug|Any CPU
		Release|Any CPU = Release|Any CPU
	EndGlobalSection
	GlobalSection(ProjectConfigurationPlatforms) = postSolution
		{603659E8-FA5F-4D71-8754-1D8532B83966}.Debug|Any CPU.ActiveCfg = Debug|Any CPU
		{603659E8-FA5F-4D71-8754-1D8532B83966}.Debug|Any CPU.Build.0 = Debug|Any CPU
		{603659E8-FA5F-4D71-8754-1D8532B83966}.Release|Any CPU.ActiveCfg = Release|Any CPU
		{603659E8-FA5F-4D71-8754-1D8532B83966}.Release|Any CPU.Build.0 = Release|Any CPU
		{EB21BA27-BC8E-4D3B-AC16-284319F3A1CA}.Debug|Any CPU.ActiveCfg = Debug|Any CPU
		{EB21BA27-BC8E-4D3B-AC16-284319F3A1CA}.Debug|Any CPU.Build.0 = Debug|Any CPU
		{EB21BA27-BC8E-4D3B-AC16-284319F3A1CA}.Release|Any CPU.ActiveCfg = Release|Any CPU
		{EB21BA27-BC8E-4D3B-AC16-284319F3A1CA}.Release|Any CPU.Build.0 = Release|Any CPU
	EndGlobalSection
	GlobalSection(SolutionProperties) = preSolution
		HideSolutionNode = FALSE
	EndGlobalSection
	GlobalSection(ExtensibilityGlobals) = postSolution
		SolutionGuid = {D15D2C8E-68E9-45C3-869C-282C15852DE0}
	EndGlobalSection
EndGlobal
